
Microsoft Visual Studio Solution File, Format Version 12.00
# Visual Studio Version 16
VisualStudioVersion = 16.0.30611.23
MinimumVisualStudioVersion = 10.0.40219.1
Project("{9A19103F-16F7-4668-BE54-9A1E7A4F7556}") = "CoronaDeployments", "CoronaDeployments.csproj", "{66194855-143E-4BED-8713-CF1D0DC28768}"
EndProject
Project("{9A19103F-16F7-4668-BE54-9A1E7A4F7556}") = "CoronaDeployments.Core", "..\CoronaDeployments.Core\CoronaDeployments.Core.csproj", "{86F4D35A-55BE-4501-BF17-8B153583F330}"
EndProject
Project("{FAE04EC0-301F-11D3-BF4B-00C04F79EFBC}") = "CoronaDeployments.Test", "..\CoronaDeployments.Test\CoronaDeployments.Test.csproj", "{F59A5E43-482D-40AC-9F1B-CB4368F6B41F}"
EndProject
Global
	GlobalSection(SolutionConfigurationPlatforms) = preSolution
		Debug|Any CPU = Debug|Any CPU
		Release|Any CPU = Release|Any CPU
	EndGlobalSection
	GlobalSection(ProjectConfigurationPlatforms) = postSolution
		{66194855-143E-4BED-8713-CF1D0DC28768}.Debug|Any CPU.ActiveCfg = Debug|Any CPU
		{66194855-143E-4BED-8713-CF1D0DC28768}.Debug|Any CPU.Build.0 = Debug|Any CPU
		{66194855-143E-4BED-8713-CF1D0DC28768}.Release|Any CPU.ActiveCfg = Release|Any CPU
		{66194855-143E-4BED-8713-CF1D0DC28768}.Release|Any CPU.Build.0 = Release|Any CPU
		{86F4D35A-55BE-4501-BF17-8B153583F330}.Debug|Any CPU.ActiveCfg = Debug|Any CPU
		{86F4D35A-55BE-4501-BF17-8B153583F330}.Debug|Any CPU.Build.0 = Debug|Any CPU
		{86F4D35A-55BE-4501-BF17-8B153583F330}.Release|Any CPU.ActiveCfg = Release|Any CPU
		{86F4D35A-55BE-4501-BF17-8B153583F330}.Release|Any CPU.Build.0 = Release|Any CPU
		{F59A5E43-482D-40AC-9F1B-CB4368F6B41F}.Debug|Any CPU.ActiveCfg = Debug|Any CPU
		{F59A5E43-482D-40AC-9F1B-CB4368F6B41F}.Debug|Any CPU.Build.0 = Debug|Any CPU
		{F59A5E43-482D-40AC-9F1B-CB4368F6B41F}.Release|Any CPU.ActiveCfg = Release|Any CPU
		{F59A5E43-482D-40AC-9F1B-CB4368F6B41F}.Release|Any CPU.Build.0 = Release|Any CPU
	EndGlobalSection
	GlobalSection(SolutionProperties) = preSolution
		HideSolutionNode = FALSE
	EndGlobalSection
	GlobalSection(ExtensibilityGlobals) = postSolution
		SolutionGuid = {EB84CF64-CB58-4347-8ADB-A04D55A5E196}
	EndGlobalSection
EndGlobal
